
Microsoft Visual Studio Solution File, Format Version 12.00
# Visual Studio 15
VisualStudioVersion = 15.0.28307.329
MinimumVisualStudioVersion = 10.0.40219.1
Project("{FAE04EC0-301F-11D3-BF4B-00C04F79EFBC}") = "Notifications", "Notifications\Notifications.csproj", "{B50AC57F-51CA-4BA4-B8F0-6BC249A541B9}"
EndProject
Project("{FAE04EC0-301F-11D3-BF4B-00C04F79EFBC}") = "BookshelfDALEF", "..\BookshelfDatabase\BookshelfDatabase\BookshelfDALEF\BookshelfDALEF.csproj", "{A0A07271-ACF1-4240-864C-65E95F72ECCA}"
EndProject
Global
	GlobalSection(SolutionConfigurationPlatforms) = preSolution
		Debug|Any CPU = Debug|Any CPU
		Release|Any CPU = Release|Any CPU
	EndGlobalSection
	GlobalSection(ProjectConfigurationPlatforms) = postSolution
		{B50AC57F-51CA-4BA4-B8F0-6BC249A541B9}.Debug|Any CPU.ActiveCfg = Debug|Any CPU
		{B50AC57F-51CA-4BA4-B8F0-6BC249A541B9}.Debug|Any CPU.Build.0 = Debug|Any CPU
		{B50AC57F-51CA-4BA4-B8F0-6BC249A541B9}.Release|Any CPU.ActiveCfg = Release|Any CPU
		{B50AC57F-51CA-4BA4-B8F0-6BC249A541B9}.Release|Any CPU.Build.0 = Release|Any CPU
		{A0A07271-ACF1-4240-864C-65E95F72ECCA}.Debug|Any CPU.ActiveCfg = Debug|Any CPU
		{A0A07271-ACF1-4240-864C-65E95F72ECCA}.Debug|Any CPU.Build.0 = Debug|Any CPU
		{A0A07271-ACF1-4240-864C-65E95F72ECCA}.Release|Any CPU.ActiveCfg = Release|Any CPU
		{A0A07271-ACF1-4240-864C-65E95F72ECCA}.Release|Any CPU.Build.0 = Release|Any CPU
	EndGlobalSection
	GlobalSection(SolutionProperties) = preSolution
		HideSolutionNode = FALSE
	EndGlobalSection
	GlobalSection(ExtensibilityGlobals) = postSolution
		SolutionGuid = {628186CB-DBDB-486C-BDAA-CD410D5DB889}
	EndGlobalSection
EndGlobal
